
Microsoft Visual Studio Solution File, Format Version 12.00
# Visual Studio Version 17
VisualStudioVersion = 17.2.32519.379
MinimumVisualStudioVersion = 10.0.40219.1
Project("{FAE04EC0-301F-11D3-BF4B-00C04F79EFBC}") = "1.2_SV", "1.2_SV\1.2_SV.csproj", "{69B663C9-0721-4AA3-B798-1A9A4835461A}"
EndProject
Global
	GlobalSection(SolutionConfigurationPlatforms) = preSolution
		Debug|Any CPU = Debug|Any CPU
		Release|Any CPU = Release|Any CPU
	EndGlobalSection
	GlobalSection(ProjectConfigurationPlatforms) = postSolution
		{69B663C9-0721-4AA3-B798-1A9A4835461A}.Debug|Any CPU.ActiveCfg = Debug|Any CPU
		{69B663C9-0721-4AA3-B798-1A9A4835461A}.Debug|Any CPU.Build.0 = Debug|Any CPU
		{69B663C9-0721-4AA3-B798-1A9A4835461A}.Release|Any CPU.ActiveCfg = Release|Any CPU
		{69B663C9-0721-4AA3-B798-1A9A4835461A}.Release|Any CPU.Build.0 = Release|Any CPU
	EndGlobalSection
	GlobalSection(SolutionProperties) = preSolution
		HideSolutionNode = FALSE
	EndGlobalSection
	GlobalSection(ExtensibilityGlobals) = postSolution
		SolutionGuid = {E37326A2-285E-451B-BA81-6015E598E904}
	EndGlobalSection
EndGlobal
